
Microsoft Visual Studio Solution File, Format Version 12.00
Project("{FAE04EC0-301F-11D3-BF4B-00C04F79EFBC}") = "syslog-playground", "syslog-playground\syslog-playground.csproj", "{92D75701-2D52-4894-A8CA-32D3F2484812}"
EndProject
Global
	GlobalSection(SolutionConfigurationPlatforms) = preSolution
		Debug|Any CPU = Debug|Any CPU
		Release|Any CPU = Release|Any CPU
	EndGlobalSection
	GlobalSection(ProjectConfigurationPlatforms) = postSolution
		{92D75701-2D52-4894-A8CA-32D3F2484812}.Debug|Any CPU.ActiveCfg = Debug|Any CPU
		{92D75701-2D52-4894-A8CA-32D3F2484812}.Debug|Any CPU.Build.0 = Debug|Any CPU
		{92D75701-2D52-4894-A8CA-32D3F2484812}.Release|Any CPU.ActiveCfg = Release|Any CPU
		{92D75701-2D52-4894-A8CA-32D3F2484812}.Release|Any CPU.Build.0 = Release|Any CPU
	EndGlobalSection
EndGlobal
